// !$*UTF8*$!
{
	archiveVersion = 1;
	classes = {
	};
	objectVersion = 55;
	objects = {

/* Begin PBXBuildFile section */
		AFA8C34B27249D4F00AF8E90 /* AppDelegate.swift in Sources */ = {isa = PBXBuildFile; fileRef = AFA8C34A27249D4F00AF8E90 /* AppDelegate.swift */; };
		AFA8C34D27249D4F00AF8E90 /* SceneDelegate.swift in Sources */ = {isa = PBXBuildFile; fileRef = AFA8C34C27249D4F00AF8E90 /* SceneDelegate.swift */; };
		AFA8C34F27249D4F00AF8E90 /* ViewController.swift in Sources */ = {isa = PBXBuildFile; fileRef = AFA8C34E27249D4F00AF8E90 /* ViewController.swift */; };
		AFA8C35227249D4F00AF8E90 /* Main.storyboard in Resources */ = {isa = PBXBuildFile; fileRef = AFA8C35027249D4F00AF8E90 /* Main.storyboard */; };
		AFA8C35427249D5500AF8E90 /* Assets.xcassets in Resources */ = {isa = PBXBuildFile; fileRef = AFA8C35327249D5500AF8E90 /* Assets.xcassets */; };
		AFA8C35727249D5500AF8E90 /* LaunchScreen.storyboard in Resources */ = {isa = PBXBuildFile; fileRef = AFA8C35527249D5500AF8E90 /* LaunchScreen.storyboard */; };
		AFA8C3652724AA4100AF8E90 /* TeamTableViewCell.swift in Sources */ = {isa = PBXBuildFile; fileRef = AFA8C3632724AA4100AF8E90 /* TeamTableViewCell.swift */; };
		AFA8C3662724AA4100AF8E90 /* TeamTableViewCell.xib in Resources */ = {isa = PBXBuildFile; fileRef = AFA8C3642724AA4100AF8E90 /* TeamTableViewCell.xib */; };
		AFE7204F27288EE8006BA17B /* MovieCollectionViewCell.swift in Sources */ = {isa = PBXBuildFile; fileRef = AFE7204E27288EE8006BA17B /* MovieCollectionViewCell.swift */; };
		AFE720512728905D006BA17B /* Movie.swift in Sources */ = {isa = PBXBuildFile; fileRef = AFE720502728905D006BA17B /* Movie.swift */; };
/* End PBXBuildFile section */

/* Begin PBXFileReference section */
		AFA8C34727249D4F00AF8E90 /* CollectionViewTutorial.app */ = {isa = PBXFileReference; explicitFileType = wrapper.application; includeInIndex = 0; path = CollectionViewTutorial.app; sourceTree = BUILT_PRODUCTS_DIR; };
		AFA8C34A27249D4F00AF8E90 /* AppDelegate.swift */ = {isa = PBXFileReference; lastKnownFileType = sourcecode.swift; path = AppDelegate.swift; sourceTree = "<group>"; };
		AFA8C34C27249D4F00AF8E90 /* SceneDelegate.swift */ = {isa = PBXFileReference; lastKnownFileType = sourcecode.swift; path = SceneDelegate.swift; sourceTree = "<group>"; };
		AFA8C34E27249D4F00AF8E90 /* ViewController.swift */ = {isa = PBXFileReference; lastKnownFileType = sourcecode.swift; path = ViewController.swift; sourceTree = "<group>"; };
		AFA8C35127249D4F00AF8E90 /* Base */ = {isa = PBXFileReference; lastKnownFileType = file.storyboard; name = Base; path = Base.lproj/Main.storyboard; sourceTree = "<group>"; };
		AFA8C35327249D5500AF8E90 /* Assets.xcassets */ = {isa = PBXFileReference; lastKnownFileType = folder.assetcatalog; path = Assets.xcassets; sourceTree = "<group>"; };
		AFA8C35627249D5500AF8E90 /* Base */ = {isa = PBXFileReference; lastKnownFileType = file.storyboard; name = Base; path = Base.lproj/LaunchScreen.storyboard; sourceTree = "<group>"; };
		AFA8C35827249D5500AF8E90 /* Info.plist */ = {isa = PBXFileReference; lastKnownFileType = text.plist.xml; path = Info.plist; sourceTree = "<group>"; };
		AFA8C3632724AA4100AF8E90 /* TeamTableViewCell.swift */ = {isa = PBXFileReference; lastKnownFileType = sourcecode.swift; path = TeamTableViewCell.swift; sourceTree = "<group>"; };
		AFA8C3642724AA4100AF8E90 /* TeamTableViewCell.xib */ = {isa = PBXFileReference; lastKnownFileType = file.xib; path = TeamTableViewCell.xib; sourceTree = "<group>"; };
		AFE7204E27288EE8006BA17B /* MovieCollectionViewCell.swift */ = {isa = PBXFileReference; lastKnownFileType = sourcecode.swift; path = MovieCollectionViewCell.swift; sourceTree = "<group>"; };
		AFE720502728905D006BA17B /* Movie.swift */ = {isa = PBXFileReference; lastKnownFileType = sourcecode.swift; path = Movie.swift; sourceTree = "<group>"; };
/* End PBXFileReference section */

/* Begin PBXFrameworksBuildPhase section */
		AFA8C34427249D4F00AF8E90 /* Frameworks */ = {
			isa = PBXFrameworksBuildPhase;
			buildActionMask = 2147483647;
			files = (
			);
			runOnlyForDeploymentPostprocessing = 0;
		};
/* End PBXFrameworksBuildPhase section */

/* Begin PBXGroup section */
		AFA8C33E27249D4F00AF8E90 = {
			isa = PBXGroup;
			children = (
				AFA8C34927249D4F00AF8E90 /* CollectionViewTutorial */,
				AFA8C34827249D4F00AF8E90 /* Products */,
			);
			sourceTree = "<group>";
		};
		AFA8C34827249D4F00AF8E90 /* Products */ = {
			isa = PBXGroup;
			children = (
				AFA8C34727249D4F00AF8E90 /* CollectionViewTutorial.app */,
			);
			name = Products;
			sourceTree = "<group>";
		};
		AFA8C34927249D4F00AF8E90 /* CollectionViewTutorial */ = {
			isa = PBXGroup;
			children = (
				AFA8C34A27249D4F00AF8E90 /* AppDelegate.swift */,
				AFA8C34C27249D4F00AF8E90 /* SceneDelegate.swift */,
				AFA8C34E27249D4F00AF8E90 /* ViewController.swift */,
				AFA8C35027249D4F00AF8E90 /* Main.storyboard */,
				AFA8C35327249D5500AF8E90 /* Assets.xcassets */,
				AFA8C35527249D5500AF8E90 /* LaunchScreen.storyboard */,
				AFA8C35827249D5500AF8E90 /* Info.plist */,
				AFA8C36027249DEC00AF8E90 /* Model */,
				AFA8C3672724AA5000AF8E90 /* View */,
				AFE7204E27288EE8006BA17B /* MovieCollectionViewCell.swift */,
			);
			path = CollectionViewTutorial;
			sourceTree = "<group>";
		};
		AFA8C36027249DEC00AF8E90 /* Model */ = {
			isa = PBXGroup;
			children = (
				AFE720502728905D006BA17B /* Movie.swift */,
			);
			path = Model;
			sourceTree = "<group>";
		};
		AFA8C3672724AA5000AF8E90 /* View */ = {
			isa = PBXGroup;
			children = (
				AFA8C3632724AA4100AF8E90 /* TeamTableViewCell.swift */,
				AFA8C3642724AA4100AF8E90 /* TeamTableViewCell.xib */,
			);
			path = View;
			sourceTree = "<group>";
		};
/* End PBXGroup section */

/* Begin PBXNativeTarget section */
		AFA8C34627249D4F00AF8E90 /* CollectionViewTutorial */ = {
			isa = PBXNativeTarget;
			buildConfigurationList = AFA8C35B27249D5500AF8E90 /* Build configuration list for PBXNativeTarget "CollectionViewTutorial" */;
			buildPhases = (
				AFA8C34327249D4F00AF8E90 /* Sources */,
				AFA8C34427249D4F00AF8E90 /* Frameworks */,
				AFA8C34527249D4F00AF8E90 /* Resources */,
			);
			buildRules = (
			);
			dependencies = (
			);
			name = CollectionViewTutorial;
			productName = CollectionViewTutorial;
			productReference = AFA8C34727249D4F00AF8E90 /* CollectionViewTutorial.app */;
			productType = "com.apple.product-type.application";
		};
/* End PBXNativeTarget section */

/* Begin PBXProject section */
		AFA8C33F27249D4F00AF8E90 /* Project object */ = {
			isa = PBXProject;
			attributes = {
				BuildIndependentTargetsInParallel = 1;
				LastSwiftUpdateCheck = 1300;
				LastUpgradeCheck = 1300;
				TargetAttributes = {
					AFA8C34627249D4F00AF8E90 = {
						CreatedOnToolsVersion = 13.0;
					};
				};
			};
			buildConfigurationList = AFA8C34227249D4F00AF8E90 /* Build configuration list for PBXProject "CollectionViewTutorial" */;
			compatibilityVersion = "Xcode 13.0";
			developmentRegion = en;
			hasScannedForEncodings = 0;
			knownRegions = (
				en,
				Base,
			);
			mainGroup = AFA8C33E27249D4F00AF8E90;
			productRefGroup = AFA8C34827249D4F00AF8E90 /* Products */;
			projectDirPath = "";
			projectRoot = "";
			targets = (
				AFA8C34627249D4F00AF8E90 /* CollectionViewTutorial */,
			);
		};
/* End PBXProject section */

/* Begin PBXResourcesBuildPhase section */
		AFA8C34527249D4F00AF8E90 /* Resources */ = {
			isa = PBXResourcesBuildPhase;
			buildActionMask = 2147483647;
			files = (
				AFA8C3662724AA4100AF8E90 /* TeamTableViewCell.xib in Resources */,
				AFA8C35727249D5500AF8E90 /* LaunchScreen.storyboard in Resources */,
				AFA8C35427249D5500AF8E90 /* Assets.xcassets in Resources */,
				AFA8C35227249D4F00AF8E90 /* Main.storyboard in Resources */,
			);
			runOnlyForDeploymentPostprocessing = 0;
		};
/* End PBXResourcesBuildPhase section */

/* Begin PBXSourcesBuildPhase section */
		AFA8C34327249D4F00AF8E90 /* Sources */ = {
			isa = PBXSourcesBuildPhase;
			buildActionMask = 2147483647;
			files = (
				AFA8C34F27249D4F00AF8E90 /* ViewController.swift in Sources */,
				AFA8C34B27249D4F00AF8E90 /* AppDelegate.swift in Sources */,
				AFE720512728905D006BA17B /* Movie.swift in Sources */,
				AFA8C34D27249D4F00AF8E90 /* SceneDelegate.swift in Sources */,
				AFE7204F27288EE8006BA17B /* MovieCollectionViewCell.swift in Sources */,
				AFA8C3652724AA4100AF8E90 /* TeamTableViewCell.swift in Sources */,
			);
			runOnlyForDeploymentPostprocessing = 0;
		};
/* End PBXSourcesBuildPhase section */

/* Begin PBXVariantGroup section */
		AFA8C35027249D4F00AF8E90 /* Main.storyboard */ = {
			isa = PBXVariantGroup;
			children = (
				AFA8C35127249D4F00AF8E90 /* Base */,
			);
			name = Main.storyboard;
			sourceTree = "<group>";
		};
		AFA8C35527249D5500AF8E90 /* LaunchScreen.storyboard */ = {
			isa = PBXVariantGroup;
			children = (
				AFA8C35627249D5500AF8E90 /* Base */,
			);
			name = LaunchScreen.storyboard;
			sourceTree = "<group>";
		};
/* End PBXVariantGroup section */

/* Begin XCBuildConfiguration section */
		AFA8C35927249D5500AF8E90 /* Debug */ = {
			isa = XCBuildConfiguration;
			buildSettings = {
				ALWAYS_SEARCH_USER_PATHS = NO;
				CLANG_ANALYZER_NONNULL = YES;
				CLANG_ANALYZER_NUMBER_OBJECT_CONVERSION = YES_AGGRESSIVE;
				CLANG_CXX_LANGUAGE_STANDARD = "gnu++17";
				CLANG_CXX_LIBRARY = "libc++";
				CLANG_ENABLE_MODULES = YES;
				CLANG_ENABLE_OBJC_ARC = YES;
				CLANG_ENABLE_OBJC_WEAK = YES;
				CLANG_WARN_BLOCK_CAPTURE_AUTORELEASING = YES;
				CLANG_WARN_BOOL_CONVERSION = YES;
				CLANG_WARN_COMMA = YES;
				CLANG_WARN_CONSTANT_CONVERSION = YES;
				CLANG_WARN_DEPRECATED_OBJC_IMPLEMENTATIONS = YES;
				CLANG_WARN_DIRECT_OBJC_ISA_USAGE = YES_ERROR;
				CLANG_WARN_DOCUMENTATION_COMMENTS = YES;
				CLANG_WARN_EMPTY_BODY = YES;
				CLANG_WARN_ENUM_CONVERSION = YES;
				CLANG_WARN_INFINITE_RECURSION = YES;
				CLANG_WARN_INT_CONVERSION = YES;
				CLANG_WARN_NON_LITERAL_NULL_CONVERSION = YES;
				CLANG_WARN_OBJC_IMPLICIT_RETAIN_SELF = YES;
				CLANG_WARN_OBJC_LITERAL_CONVERSION = YES;
				CLANG_WARN_OBJC_ROOT_CLASS = YES_ERROR;
				CLANG_WARN_QUOTED_INCLUDE_IN_FRAMEWORK_HEADER = YES;
				CLANG_WARN_RANGE_LOOP_ANALYSIS = YES;
				CLANG_WARN_STRICT_PROTOTYPES = YES;
				CLANG_WARN_SUSPICIOUS_MOVE = YES;
				CLANG_WARN_UNGUARDED_AVAILABILITY = YES_AGGRESSIVE;
				CLANG_WARN_UNREACHABLE_CODE = YES;
				CLANG_WARN__DUPLICATE_METHOD_MATCH = YES;
				COPY_PHASE_STRIP = NO;
				DEBUG_INFORMATION_FORMAT = dwarf;
				ENABLE_STRICT_OBJC_MSGSEND = YES;
				ENABLE_TESTABILITY = YES;
				GCC_C_LANGUAGE_STANDARD = gnu11;
				GCC_DYNAMIC_NO_PIC = NO;
				GCC_NO_COMMON_BLOCKS = YES;
				GCC_OPTIMIZATION_LEVEL = 0;
				GCC_PREPROCESSOR_DEFINITIONS = (
					"DEBUG=1",
					"$(inherited)",
				);
				GCC_WARN_64_TO_32_BIT_CONVERSION = YES;
				GCC_WARN_ABOUT_RETURN_TYPE = YES_ERROR;
				GCC_WARN_UNDECLARED_SELECTOR = YES;
				GCC_WARN_UNINITIALIZED_AUTOS = YES_AGGRESSIVE;
				GCC_WARN_UNUSED_FUNCTION = YES;
				GCC_WARN_UNUSED_VARIABLE = YES;
				IPHONEOS_DEPLOYMENT_TARGET = 15.0;
				MTL_ENABLE_DEBUG_INFO = INCLUDE_SOURCE;
				MTL_FAST_MATH = YES;
				ONLY_ACTIVE_ARCH = YES;
				SDKROOT = iphoneos;
				SWIFT_ACTIVE_COMPILATION_CONDITIONS = DEBUG;
				SWIFT_OPTIMIZATION_LEVEL = "-Onone";
			};
			name = Debug;
		};
		AFA8C35A27249D5500AF8E90 /* Release */ = {
			isa = XCBuildConfiguration;
			buildSettings = {
				ALWAYS_SEARCH_USER_PATHS = NO;
				CLANG_ANALYZER_NONNULL = YES;
				CLANG_ANALYZER_NUMBER_OBJECT_CONVERSION = YES_AGGRESSIVE;
				CLANG_CXX_LANGUAGE_STANDARD = "gnu++17";
				CLANG_CXX_LIBRARY = "libc++";
				CLANG_ENABLE_MODULES = YES;
				CLANG_ENABLE_OBJC_ARC = YES;
				CLANG_ENABLE_OBJC_WEAK = YES;
				CLANG_WARN_BLOCK_CAPTURE_AUTORELEASING = YES;
				CLANG_WARN_BOOL_CONVERSION = YES;
				CLANG_WARN_COMMA = YES;
				CLANG_WARN_CONSTANT_CONVERSION = YES;
				CLANG_WARN_DEPRECATED_OBJC_IMPLEMENTATIONS = YES;
				CLANG_WARN_DIRECT_OBJC_ISA_USAGE = YES_ERROR;
				CLANG_WARN_DOCUMENTATION_COMMENTS = YES;
				CLANG_WARN_EMPTY_BODY = YES;
				CLANG_WARN_ENUM_CONVERSION = YES;
				CLANG_WARN_INFINITE_RECURSION = YES;
				CLANG_WARN_INT_CONVERSION = YES;
				CLANG_WARN_NON_LITERAL_NULL_CONVERSION = YES;
				CLANG_WARN_OBJC_IMPLICIT_RETAIN_SELF = YES;
				CLANG_WARN_OBJC_LITERAL_CONVERSION = YES;
				CLANG_WARN_OBJC_ROOT_CLASS = YES_ERROR;
				CLANG_WARN_QUOTED_INCLUDE_IN_FRAMEWORK_HEADER = YES;
				CLANG_WARN_RANGE_LOOP_ANALYSIS = YES;
				CLANG_WARN_STRICT_PROTOTYPES = YES;
				CLANG_WARN_SUSPICIOUS_MOVE = YES;
				CLANG_WARN_UNGUARDED_AVAILABILITY = YES_AGGRESSIVE;
				CLANG_WARN_UNREACHABLE_CODE = YES;
				CLANG_WARN__DUPLICATE_METHOD_MATCH = YES;
				COPY_PHASE_STRIP = NO;
				DEBUG_INFORMATION_FORMAT = "dwarf-with-dsym";
				ENABLE_NS_ASSERTIONS = NO;
				ENABLE_STRICT_OBJC_MSGSEND = YES;
				GCC_C_LANGUAGE_STANDARD = gnu11;
				GCC_NO_COMMON_BLOCKS = YES;
				GCC_WARN_64_TO_32_BIT_CONVERSION = YES;
				GCC_WARN_ABOUT_RETURN_TYPE = YES_ERROR;
				GCC_WARN_UNDECLARED_SELECTOR = YES;
				GCC_WARN_UNINITIALIZED_AUTOS = YES_AGGRESSIVE;
				GCC_WARN_UNUSED_FUNCTION = YES;
				GCC_WARN_UNUSED_VARIABLE = YES;
				IPHONEOS_DEPLOYMENT_TARGET = 15.0;
				MTL_ENABLE_DEBUG_INFO = NO;
				MTL_FAST_MATH = YES;
				SDKROOT = iphoneos;
				SWIFT_COMPILATION_MODE = wholemodule;
				SWIFT_OPTIMIZATION_LEVEL = "-O";
				VALIDATE_PRODUCT = YES;
			};
			name = Release;
		};
		AFA8C35C27249D5500AF8E90 /* Debug */ = {
			isa = XCBuildConfiguration;
			buildSettings = {
				ASSETCATALOG_COMPILER_APPICON_NAME = AppIcon;
				ASSETCATALOG_COMPILER_GLOBAL_ACCENT_COLOR_NAME = AccentColor;
				CODE_SIGN_STYLE = Automatic;
				CURRENT_PROJECT_VERSION = 1;
				DEVELOPMENT_TEAM = NW3H7K8PN7;
				GENERATE_INFOPLIST_FILE = YES;
				INFOPLIST_FILE = CollectionViewTutorial/Info.plist;
				INFOPLIST_KEY_UIApplicationSupportsIndirectInputEvents = YES;
				INFOPLIST_KEY_UILaunchStoryboardName = LaunchScreen;
				INFOPLIST_KEY_UIMainStoryboardFile = Main;
				INFOPLIST_KEY_UISupportedInterfaceOrientations_iPad = "UIInterfaceOrientationPortrait UIInterfaceOrientationPortraitUpsideDown UIInterfaceOrientationLandscapeLeft UIInterfaceOrientationLandscapeRight";
				INFOPLIST_KEY_UISupportedInterfaceOrientations_iPhone = "UIInterfaceOrientationPortrait UIInterfaceOrientationLandscapeLeft UIInterfaceOrientationLandscapeRight";
				LD_RUNPATH_SEARCH_PATHS = (
					"$(inherited)",
					"@executable_path/Frameworks",
				);
				MARKETING_VERSION = 1.0;
				PRODUCT_BUNDLE_IDENTIFIER = "com.thiago-leite.CollectionViewTutorial";
				PRODUCT_NAME = "$(TARGET_NAME)";
				SWIFT_EMIT_LOC_STRINGS = YES;
				SWIFT_VERSION = 5.0;
				TARGETED_DEVICE_FAMILY = "1,2";
			};
			name = Debug;
		};
		AFA8C35D27249D5500AF8E90 /* Release */ = {
			isa = XCBuildConfiguration;
			buildSettings = {
				ASSETCATALOG_COMPILER_APPICON_NAME = AppIcon;
				ASSETCATALOG_COMPILER_GLOBAL_ACCENT_COLOR_NAME = AccentColor;
				CODE_SIGN_STYLE = Automatic;
				CURRENT_PROJECT_VERSION = 1;
				DEVELOPMENT_TEAM = NW3H7K8PN7;
				GENERATE_INFOPLIST_FILE = YES;
				INFOPLIST_FILE = CollectionViewTutorial/Info.plist;
				INFOPLIST_KEY_UIApplicationSupportsIndirectInputEvents = YES;
				INFOPLIST_KEY_UILaunchStoryboardName = LaunchScreen;
				INFOPLIST_KEY_UIMainStoryboardFile = Main;
				INFOPLIST_KEY_UISupportedInterfaceOrientations_iPad = "UIInterfaceOrientationPortrait UIInterfaceOrientationPortraitUpsideDown UIInterfaceOrientationLandscapeLeft UIInterfaceOrientationLandscapeRight";
				INFOPLIST_KEY_UISupportedInterfaceOrientations_iPhone = "UIInterfaceOrientationPortrait UIInterfaceOrientationLandscapeLeft UIInterfaceOrientationLandscapeRight";
				LD_RUNPATH_SEARCH_PATHS = (
					"$(inherited)",
					"@executable_path/Frameworks",
				);
				MARKETING_VERSION = 1.0;
				PRODUCT_BUNDLE_IDENTIFIER = "com.thiago-leite.CollectionViewTutorial";
				PRODUCT_NAME = "$(TARGET_NAME)";
				SWIFT_EMIT_LOC_STRINGS = YES;
				SWIFT_VERSION = 5.0;
				TARGETED_DEVICE_FAMILY = "1,2";
			};
			name = Release;
		};
/* End XCBuildConfiguration section */

/* Begin XCConfigurationList section */
		AFA8C34227249D4F00AF8E90 /* Build configuration list for PBXProject "CollectionViewTutorial" */ = {
			isa = XCConfigurationList;
			buildConfigurations = (
				AFA8C35927249D5500AF8E90 /* Debug */,
				AFA8C35A27249D5500AF8E90 /* Release */,
			);
			defaultConfigurationIsVisible = 0;
			defaultConfigurationName = Release;
		};
		AFA8C35B27249D5500AF8E90 /* Build configuration list for PBXNativeTarget "CollectionViewTutorial" */ = {
			isa = XCConfigurationList;
			buildConfigurations = (
				AFA8C35C27249D5500AF8E90 /* Debug */,
				AFA8C35D27249D5500AF8E90 /* Release */,
			);
			defaultConfigurationIsVisible = 0;
			defaultConfigurationName = Release;
		};
/* End XCConfigurationList section */
	};
	rootObject = AFA8C33F27249D4F00AF8E90 /* Project object */;
}
